{
  "version": 4,
  "terraform_version": "0.13.5",
  "serial": 15,
  "lineage": "a173e5cf-5284-5100-3b73-8053f46d66af",
  "outputs": {},
  "resources": [
    {
      "mode": "managed",
      "type": "aws_instance",
      "name": "server",
      "provider": "provider[\"registry.terraform.io/hashicorp/aws\"]",
      "instances": [
        {
          "schema_version": 1,
          "attributes": {
            "ami": "ami-0ac73f33a1888c64a",
            "arn": "arn:aws:ec2:us-west-2:541710579702:instance/i-07bd789ae8ab03526",
            "associate_public_ip_address": true,
            "availability_zone": "us-west-2b",
            "cpu_core_count": 1,
            "cpu_threads_per_core": 1,
            "credit_specification": [
              {
                "cpu_credits": "standard"
              }
            ],
            "disable_api_termination": false,
            "ebs_block_device": [],
            "ebs_optimized": false,
            "ephemeral_block_device": [],
            "get_password_data": false,
            "hibernation": false,
            "host_id": null,
            "iam_instance_profile": "",
            "id": "i-07bd789ae8ab03526",
            "instance_initiated_shutdown_behavior": null,
            "instance_state": "running",
            "instance_type": "t2.micro",
            "ipv6_address_count": 0,
            "ipv6_addresses": [],
            "key_name": "",
            "metadata_options": [
              {
                "http_endpoint": "enabled",
                "http_put_response_hop_limit": 1,
                "http_tokens": "optional"
              }
            ],
            "monitoring": false,
            "network_interface": [],
            "network_interface_id": null,
            "outpost_arn": "",
            "password_data": "",
            "placement_group": "",
            "primary_network_interface_id": "eni-0e0630af16e3610f8",
            "private_dns": "ip-172-31-38-205.us-west-2.compute.internal",
            "private_ip": "172.31.38.205",
            "public_dns": "ec2-54-212-105-10.us-west-2.compute.amazonaws.com",
            "public_ip": "54.212.105.10",
            "root_block_device": [
              {
                "delete_on_termination": true,
                "device_name": "/dev/sda1",
                "encrypted": false,
                "iops": 100,
                "kms_key_id": "",
                "volume_id": "vol-048f38a0b061dabce",
                "volume_size": 8,
                "volume_type": "gp2"
              }
            ],
            "security_groups": [
              "default"
            ],
            "source_dest_check": true,
            "subnet_id": "subnet-1d844057",
            "tags": {
              "Name": "Web-Server"
            },
            "tenancy": "default",
            "timeouts": null,
            "user_data": null,
            "user_data_base64": null,
            "volume_tags": {},
            "vpc_security_group_ids": [
              "sg-4d440262"
            ]
          },
          "private": "eyJlMmJmYjczMC1lY2FhLTExZTYtOGY4OC0zNDM2M2JjN2M0YzAiOnsiY3JlYXRlIjo2MDAwMDAwMDAwMDAsImRlbGV0ZSI6MTIwMDAwMDAwMDAwMCwidXBkYXRlIjo2MDAwMDAwMDAwMDB9LCJzY2hlbWFfdmVyc2lvbiI6IjEifQ=="
        }
      ]
    },
    {
      "mode": "managed",
      "type": "aws_key_pair",
      "name": "public_key",
      "provider": "provider[\"registry.terraform.io/hashicorp/aws\"]",
      "instances": [
        {
          "schema_version": 1,
          "attributes": {
            "arn": "arn:aws:ec2:us-west-2:541710579702:key-pair/sigaramthodu",
            "fingerprint": "83:db:94:98:4a:e8:cb:24:0d:bf:87:e2:35:e8:de:a2",
            "id": "sigaramthodu",
            "key_name": "sigaramthodu",
            "key_name_prefix": null,
            "key_pair_id": "key-0ceeb212db9e7fef4",
            "public_key": "ssh-rsa AAAAB3NzaC1yc2EAAAADAQABAAABAQCctSpjg++Bjs/Xa8RKhNsB4qk1GddpFLMf62ZAkMnzu6VIvvT/L7XSWEB3q/E/Q5o77JCidktwChY3Jz5lgWZgQQB78sabMA2rLSifbwkeiSyjW/+ah7NsM6PcGATEjtEPc8zodDnXOFbqoXN+3pT00CtfH7bG8nINw5DgrcZVNWmaYNR5RAdsIenPdZwgSTgw7pG3eJslgP/SybvfpdJsuvxGgdzoKvsPSlknntgSVavG9udC9W2+pbszjte/J0ONj+iTUd8E3K+tNz5uqW1qVYbAtqHjGrXNv/UxMVkwiCpmaOUSllaKeaV3uHDZn6bJB1wNg0mWOJTwFEGSLWEj",
            "tags": null
          },
          "private": "eyJzY2hlbWFfdmVyc2lvbiI6IjEifQ=="
        }
      ]
    }
  ]
}
